
Microsoft Visual Studio Solution File, Format Version 12.00
# Visual Studio Version 16
VisualStudioVersion = 16.0.30611.23
MinimumVisualStudioVersion = 10.0.40219.1
Project("{FAE04EC0-301F-11D3-BF4B-00C04F79EFBC}") = "CaseStudy", "CaseStudy.csproj", "{7AD15FA2-1412-408C-93C0-05BE91DD0452}"
EndProject
Global
	GlobalSection(SolutionConfigurationPlatforms) = preSolution
		Debug|Any CPU = Debug|Any CPU
		Release|Any CPU = Release|Any CPU
	EndGlobalSection
	GlobalSection(ProjectConfigurationPlatforms) = postSolution
		{7AD15FA2-1412-408C-93C0-05BE91DD0452}.Debug|Any CPU.ActiveCfg = Debug|Any CPU
		{7AD15FA2-1412-408C-93C0-05BE91DD0452}.Debug|Any CPU.Build.0 = Debug|Any CPU
		{7AD15FA2-1412-408C-93C0-05BE91DD0452}.Release|Any CPU.ActiveCfg = Release|Any CPU
		{7AD15FA2-1412-408C-93C0-05BE91DD0452}.Release|Any CPU.Build.0 = Release|Any CPU
	EndGlobalSection
	GlobalSection(SolutionProperties) = preSolution
		HideSolutionNode = FALSE
	EndGlobalSection
	GlobalSection(ExtensibilityGlobals) = postSolution
		SolutionGuid = {92C8FDF1-1032-4807-894B-6E1657328686}
	EndGlobalSection
EndGlobal
